
Microsoft Visual Studio Solution File, Format Version 12.00
# Visual Studio 15
VisualStudioVersion = 15.0.26403.7
MinimumVisualStudioVersion = 10.0.40219.1
Project("{2150E333-8FDC-42A3-9474-1A3956D46DE8}") = "Solution Items", "Solution Items", "{D1D23CCD-C556-480A-8817-6FD58817A0C8}"
	ProjectSection(SolutionItems) = preProject
		..\CommonAssemblyInfo.cs = ..\CommonAssemblyInfo.cs
		..\CommonAssemblyVersion.cs = ..\CommonAssemblyVersion.cs
		..\net452.Simple.OData.V4.Client.nuspec = ..\net452.Simple.OData.V4.Client.nuspec
	EndProjectSection
EndProject
Project("{2150E333-8FDC-42A3-9474-1A3956D46DE8}") = "Tests", "Tests", "{78D04AF9-B9B4-4025-93C6-B3DB01EDAAE9}"
EndProject
Project("{9A19103F-16F7-4668-BE54-9A1E7A4F7556}") = "net452.Simple.OData.Client.Core", "..\Simple.OData.Client.Core\net452.Simple.OData.Client.Core.csproj", "{987B835C-8350-494B-A900-B1B344C62648}"
EndProject
Project("{9A19103F-16F7-4668-BE54-9A1E7A4F7556}") = "net452.Simple.OData.Client.Dynamic", "..\Simple.OData.Client.Dynamic\net452.Simple.OData.Client.Dynamic.csproj", "{870BCBC0-5998-4EB6-B5FA-FEA6C6506ECE}"
EndProject
Project("{9A19103F-16F7-4668-BE54-9A1E7A4F7556}") = "net452.Simple.OData.Client.V4.Adapter", "..\Simple.OData.Client.V4.Adapter\net452.Simple.OData.Client.V4.Adapter.csproj", "{55F2900E-9456-473B-B1CD-7997DF8B6729}"
EndProject
Project("{FAE04EC0-301F-11D3-BF4B-00C04F79EFBC}") = "net452.Simple.OData.Client.V3.Adapter", "..\Simple.OData.Client.V3.Adapter\net452.Simple.OData.Client.V3.Adapter.csproj", "{31D1CC1D-316E-4516-A2BD-F07423B394F6}"
EndProject
Project("{9A19103F-16F7-4668-BE54-9A1E7A4F7556}") = "net452.Simple.OData.Client.Tests.Core", "..\Simple.OData.Client.Tests.Core\net452.Simple.OData.Client.Tests.Core.csproj", "{FD178411-416F-49BA-89F5-021D5B326C88}"
EndProject
Global
	GlobalSection(SolutionConfigurationPlatforms) = preSolution
		Debug|Any CPU = Debug|Any CPU
		Release|Any CPU = Release|Any CPU
	EndGlobalSection
	GlobalSection(ProjectConfigurationPlatforms) = postSolution
		{987B835C-8350-494B-A900-B1B344C62648}.Debug|Any CPU.ActiveCfg = Debug|Any CPU
		{987B835C-8350-494B-A900-B1B344C62648}.Debug|Any CPU.Build.0 = Debug|Any CPU
		{987B835C-8350-494B-A900-B1B344C62648}.Release|Any CPU.ActiveCfg = Release|Any CPU
		{987B835C-8350-494B-A900-B1B344C62648}.Release|Any CPU.Build.0 = Release|Any CPU
		{870BCBC0-5998-4EB6-B5FA-FEA6C6506ECE}.Debug|Any CPU.ActiveCfg = Debug|Any CPU
		{870BCBC0-5998-4EB6-B5FA-FEA6C6506ECE}.Debug|Any CPU.Build.0 = Debug|Any CPU
		{870BCBC0-5998-4EB6-B5FA-FEA6C6506ECE}.Release|Any CPU.ActiveCfg = Release|Any CPU
		{870BCBC0-5998-4EB6-B5FA-FEA6C6506ECE}.Release|Any CPU.Build.0 = Release|Any CPU
		{55F2900E-9456-473B-B1CD-7997DF8B6729}.Debug|Any CPU.ActiveCfg = Debug|Any CPU
		{55F2900E-9456-473B-B1CD-7997DF8B6729}.Debug|Any CPU.Build.0 = Debug|Any CPU
		{55F2900E-9456-473B-B1CD-7997DF8B6729}.Release|Any CPU.ActiveCfg = Release|Any CPU
		{55F2900E-9456-473B-B1CD-7997DF8B6729}.Release|Any CPU.Build.0 = Release|Any CPU
		{31D1CC1D-316E-4516-A2BD-F07423B394F6}.Debug|Any CPU.ActiveCfg = Debug|Any CPU
		{31D1CC1D-316E-4516-A2BD-F07423B394F6}.Debug|Any CPU.Build.0 = Debug|Any CPU
		{31D1CC1D-316E-4516-A2BD-F07423B394F6}.Release|Any CPU.ActiveCfg = Release|Any CPU
		{31D1CC1D-316E-4516-A2BD-F07423B394F6}.Release|Any CPU.Build.0 = Release|Any CPU
		{FD178411-416F-49BA-89F5-021D5B326C88}.Debug|Any CPU.ActiveCfg = Debug|Any CPU
		{FD178411-416F-49BA-89F5-021D5B326C88}.Debug|Any CPU.Build.0 = Debug|Any CPU
		{FD178411-416F-49BA-89F5-021D5B326C88}.Release|Any CPU.ActiveCfg = Release|Any CPU
		{FD178411-416F-49BA-89F5-021D5B326C88}.Release|Any CPU.Build.0 = Release|Any CPU
	EndGlobalSection
	GlobalSection(SolutionProperties) = preSolution
		HideSolutionNode = FALSE
	EndGlobalSection
	GlobalSection(NestedProjects) = preSolution
		{FD178411-416F-49BA-89F5-021D5B326C88} = {78D04AF9-B9B4-4025-93C6-B3DB01EDAAE9}
	EndGlobalSection
EndGlobal
